
Microsoft Visual Studio Solution File, Format Version 12.00
# Visual Studio Version 17
VisualStudioVersion = 17.5.33516.290
MinimumVisualStudioVersion = 10.0.40219.1
Project("{9A19103F-16F7-4668-BE54-9A1E7A4F7556}") = "Entidades", "Entidades\Entidades.csproj", "{BAF816E4-B727-44B3-8784-B181379CCDF0}"
EndProject
Project("{9A19103F-16F7-4668-BE54-9A1E7A4F7556}") = "MiCalculadora", "FrmCalculadora\MiCalculadora.csproj", "{AA005286-D24A-463E-BD69-DE88FF7AEC05}"
	ProjectSection(ProjectDependencies) = postProject
		{BAF816E4-B727-44B3-8784-B181379CCDF0} = {BAF816E4-B727-44B3-8784-B181379CCDF0}
	EndProjectSection
EndProject
Global
	GlobalSection(SolutionConfigurationPlatforms) = preSolution
		Debug|Any CPU = Debug|Any CPU
		Release|Any CPU = Release|Any CPU
	EndGlobalSection
	GlobalSection(ProjectConfigurationPlatforms) = postSolution
		{BAF816E4-B727-44B3-8784-B181379CCDF0}.Debug|Any CPU.ActiveCfg = Debug|Any CPU
		{BAF816E4-B727-44B3-8784-B181379CCDF0}.Debug|Any CPU.Build.0 = Debug|Any CPU
		{BAF816E4-B727-44B3-8784-B181379CCDF0}.Release|Any CPU.ActiveCfg = Release|Any CPU
		{BAF816E4-B727-44B3-8784-B181379CCDF0}.Release|Any CPU.Build.0 = Release|Any CPU
		{AA005286-D24A-463E-BD69-DE88FF7AEC05}.Debug|Any CPU.ActiveCfg = Debug|Any CPU
		{AA005286-D24A-463E-BD69-DE88FF7AEC05}.Debug|Any CPU.Build.0 = Debug|Any CPU
		{AA005286-D24A-463E-BD69-DE88FF7AEC05}.Release|Any CPU.ActiveCfg = Release|Any CPU
		{AA005286-D24A-463E-BD69-DE88FF7AEC05}.Release|Any CPU.Build.0 = Release|Any CPU
	EndGlobalSection
	GlobalSection(SolutionProperties) = preSolution
		HideSolutionNode = FALSE
	EndGlobalSection
	GlobalSection(ExtensibilityGlobals) = postSolution
		SolutionGuid = {A50547CF-7B23-4D3E-AC5C-AEA5FBFCF923}
	EndGlobalSection
EndGlobal
